
Microsoft Visual Studio Solution File, Format Version 12.00
# Visual Studio Version 16
VisualStudioVersion = 16.0.30711.63
MinimumVisualStudioVersion = 10.0.40219.1
Project("{FAE04EC0-301F-11D3-BF4B-00C04F79EFBC}") = "CKEditor-ASP.NETCore", "CKEditor-ASP.NETCore\CKEditor-ASP.NETCore.csproj", "{1BC957B9-F6F9-4E2B-9AD0-FA9A8B0751E8}"
EndProject
Global
	GlobalSection(SolutionConfigurationPlatforms) = preSolution
		Debug|Any CPU = Debug|Any CPU
		Release|Any CPU = Release|Any CPU
	EndGlobalSection
	GlobalSection(ProjectConfigurationPlatforms) = postSolution
		{1BC957B9-F6F9-4E2B-9AD0-FA9A8B0751E8}.Debug|Any CPU.ActiveCfg = Debug|Any CPU
		{1BC957B9-F6F9-4E2B-9AD0-FA9A8B0751E8}.Debug|Any CPU.Build.0 = Debug|Any CPU
		{1BC957B9-F6F9-4E2B-9AD0-FA9A8B0751E8}.Release|Any CPU.ActiveCfg = Release|Any CPU
		{1BC957B9-F6F9-4E2B-9AD0-FA9A8B0751E8}.Release|Any CPU.Build.0 = Release|Any CPU
	EndGlobalSection
	GlobalSection(SolutionProperties) = preSolution
		HideSolutionNode = FALSE
	EndGlobalSection
	GlobalSection(ExtensibilityGlobals) = postSolution
		SolutionGuid = {AB6BF7B3-1F9B-4AFF-8EAF-A789C62FD305}
	EndGlobalSection
EndGlobal
